%{
  "math": {:hex, :math, "0.7.0", "12af548c3892abf939a2e242216c3e7cbfb65b9b2fe0d872d05c6fb609f8127b", [:mix], [], "hexpm", "7987af97a0c6b58ad9db43eb5252a49fc1dfe1f6d98f17da9282e297f594ebc2"},
  "typed_struct": {:hex, :typed_struct, "0.3.0", "939789e3c1dca39d7170c87f729127469d1315dcf99fee8e152bb774b17e7ff7", [:mix], [], "hexpm", "c50bd5c3a61fe4e198a8504f939be3d3c85903b382bde4865579bc23111d1b6d"},
}
